// !$*UTF8*$!
{
	archiveVersion = 1;
	classes = {
	};
	objectVersion = 56;
	objects = {

/* Begin PBXBuildFile section */
		FB6D5D582BD0E55C00DD08FA /* district.png in Resources */ = {isa = PBXBuildFile; fileRef = FB6D5D542BD0E55C00DD08FA /* district.png */; };
		FB6D5D5A2BD0E55C00DD08FA /* region.png in Resources */ = {isa = PBXBuildFile; fileRef = FB6D5D562BD0E55C00DD08FA /* region.png */; };
		FB6D5D5F2BD0E60800DD08FA /* clinic.png in Resources */ = {isa = PBXBuildFile; fileRef = FB6D5D5C2BD0E60800DD08FA /* clinic.png */; };
		FB6D5D602BD0E60800DD08FA /* epidemic.png in Resources */ = {isa = PBXBuildFile; fileRef = FB6D5D5D2BD0E60800DD08FA /* epidemic.png */; };
		FB6D5D612BD0E60800DD08FA /* pharmacy.png in Resources */ = {isa = PBXBuildFile; fileRef = FB6D5D5E2BD0E60800DD08FA /* pharmacy.png */; };
		FB6D5D632BD0E6B800DD08FA /* center.png in Resources */ = {isa = PBXBuildFile; fileRef = FB6D5D622BD0E6B800DD08FA /* center.png */; };
		FB6D5D6C2BD0FFE800DD08FA /* PharmacyTableViewController.swift in Sources */ = {isa = PBXBuildFile; fileRef = FB6D5D6B2BD0FFE800DD08FA /* PharmacyTableViewController.swift */; };
		FB6D5D6E2BD1055D00DD08FA /* PharmacyTableViewCell.swift in Sources */ = {isa = PBXBuildFile; fileRef = FB6D5D6D2BD1055D00DD08FA /* PharmacyTableViewCell.swift */; };
		FB6D5D702BD1057E00DD08FA /* Pharmacy.swift in Sources */ = {isa = PBXBuildFile; fileRef = FB6D5D6F2BD1057E00DD08FA /* Pharmacy.swift */; };
		FB6D5D732BD109AB00DD08FA /* Epidemic.storyboard in Resources */ = {isa = PBXBuildFile; fileRef = FB6D5D712BD109AB00DD08FA /* Epidemic.storyboard */; };
		FB6D5D752BD110DF00DD08FA /* PharmacyDetailViewController.swift in Sources */ = {isa = PBXBuildFile; fileRef = FB6D5D742BD110DF00DD08FA /* PharmacyDetailViewController.swift */; };
		FB6D5D782BD131B000DD08FA /* Pharmacy.storyboard in Resources */ = {isa = PBXBuildFile; fileRef = FB6D5D762BD131B000DD08FA /* Pharmacy.storyboard */; };
		FB6D5D7A2BD1702D00DD08FA /* ClinicTableViewController.swift in Sources */ = {isa = PBXBuildFile; fileRef = FB6D5D792BD1702D00DD08FA /* ClinicTableViewController.swift */; };
		FB6D5D7C2BD1705A00DD08FA /* Clinic.swift in Sources */ = {isa = PBXBuildFile; fileRef = FB6D5D7B2BD1705A00DD08FA /* Clinic.swift */; };
		FB6D5D7E2BD1720200DD08FA /* ClinicTableViewCell.swift in Sources */ = {isa = PBXBuildFile; fileRef = FB6D5D7D2BD1720200DD08FA /* ClinicTableViewCell.swift */; };
		FB6D5D802BD1724700DD08FA /* ClinicDetailViewController.swift in Sources */ = {isa = PBXBuildFile; fileRef = FB6D5D7F2BD1724700DD08FA /* ClinicDetailViewController.swift */; };
		FB6D5D832BD1784400DD08FA /* Clinic.storyboard in Resources */ = {isa = PBXBuildFile; fileRef = FB6D5D812BD1784400DD08FA /* Clinic.storyboard */; };
		FB6D5D852BD179A300DD08FA /* District.swift in Sources */ = {isa = PBXBuildFile; fileRef = FB6D5D842BD179A300DD08FA /* District.swift */; };
		FB6D5D872BD17A1100DD08FA /* DistrictTableViewController.swift in Sources */ = {isa = PBXBuildFile; fileRef = FB6D5D862BD17A1100DD08FA /* DistrictTableViewController.swift */; };
		FB6D5D892BD17A2700DD08FA /* DistrictDetailViewController.swift in Sources */ = {isa = PBXBuildFile; fileRef = FB6D5D882BD17A2700DD08FA /* DistrictDetailViewController.swift */; };
		FB6D5D8B2BD17A3A00DD08FA /* DistrictTableViewCell.swift in Sources */ = {isa = PBXBuildFile; fileRef = FB6D5D8A2BD17A3A00DD08FA /* DistrictTableViewCell.swift */; };
		FB6D5D8E2BD17D7E00DD08FA /* District.storyboard in Resources */ = {isa = PBXBuildFile; fileRef = FB6D5D8C2BD17D7E00DD08FA /* District.storyboard */; };
		FB6D5D902BD1859700DD08FA /* Region.swift in Sources */ = {isa = PBXBuildFile; fileRef = FB6D5D8F2BD1859700DD08FA /* Region.swift */; };
		FB6D5D922BD1861D00DD08FA /* RegionTableViewCell.swift in Sources */ = {isa = PBXBuildFile; fileRef = FB6D5D912BD1861D00DD08FA /* RegionTableViewCell.swift */; };
		FB6D5D942BD1862600DD08FA /* RegionTableViewController.swift in Sources */ = {isa = PBXBuildFile; fileRef = FB6D5D932BD1862600DD08FA /* RegionTableViewController.swift */; };
		FB6D5D962BD1863900DD08FA /* RegionDetailViewController.swift in Sources */ = {isa = PBXBuildFile; fileRef = FB6D5D952BD1863900DD08FA /* RegionDetailViewController.swift */; };
		FB6D5D992BD1894700DD08FA /* Region.storyboard in Resources */ = {isa = PBXBuildFile; fileRef = FB6D5D972BD1894700DD08FA /* Region.storyboard */; };
		FB7EB2132BCE624000839008 /* AppDelegate.swift in Sources */ = {isa = PBXBuildFile; fileRef = FB7EB2122BCE624000839008 /* AppDelegate.swift */; };
		FB7EB2152BCE624000839008 /* SceneDelegate.swift in Sources */ = {isa = PBXBuildFile; fileRef = FB7EB2142BCE624000839008 /* SceneDelegate.swift */; };
		FB7EB21C2BCE624100839008 /* Assets.xcassets in Resources */ = {isa = PBXBuildFile; fileRef = FB7EB21B2BCE624100839008 /* Assets.xcassets */; };
		FB7EB21F2BCE624100839008 /* Base in Resources */ = {isa = PBXBuildFile; fileRef = FB7EB21E2BCE624100839008 /* Base */; };
		FB7EB2272BCE633A00839008 /* Epidemic.swift in Sources */ = {isa = PBXBuildFile; fileRef = FB7EB2262BCE633A00839008 /* Epidemic.swift */; };
		FB7EB2292BCE634C00839008 /* EpidemicTableViewController.swift in Sources */ = {isa = PBXBuildFile; fileRef = FB7EB2282BCE634C00839008 /* EpidemicTableViewController.swift */; };
		FB7EB22B2BCE637500839008 /* EpidemicTableViewCell.swift in Sources */ = {isa = PBXBuildFile; fileRef = FB7EB22A2BCE637500839008 /* EpidemicTableViewCell.swift */; };
		FB7EB22D2BCE63A200839008 /* EpidemicDetailViewController.swift in Sources */ = {isa = PBXBuildFile; fileRef = FB7EB22C2BCE63A200839008 /* EpidemicDetailViewController.swift */; };
		FB7EB2342BCE944700839008 /* Main.storyboard in Resources */ = {isa = PBXBuildFile; fileRef = FB7EB2322BCE944700839008 /* Main.storyboard */; };
		FB7EB23E2BD0DA1D00839008 /* MasterTableViewController.swift in Sources */ = {isa = PBXBuildFile; fileRef = FB7EB23D2BD0DA1D00839008 /* MasterTableViewController.swift */; };
/* End PBXBuildFile section */

/* Begin PBXFileReference section */
		FB6D5D542BD0E55C00DD08FA /* district.png */ = {isa = PBXFileReference; lastKnownFileType = image.png; path = district.png; sourceTree = "<group>"; };
		FB6D5D562BD0E55C00DD08FA /* region.png */ = {isa = PBXFileReference; lastKnownFileType = image.png; path = region.png; sourceTree = "<group>"; };
		FB6D5D5C2BD0E60800DD08FA /* clinic.png */ = {isa = PBXFileReference; lastKnownFileType = image.png; path = clinic.png; sourceTree = "<group>"; };
		FB6D5D5D2BD0E60800DD08FA /* epidemic.png */ = {isa = PBXFileReference; lastKnownFileType = image.png; path = epidemic.png; sourceTree = "<group>"; };
		FB6D5D5E2BD0E60800DD08FA /* pharmacy.png */ = {isa = PBXFileReference; lastKnownFileType = image.png; path = pharmacy.png; sourceTree = "<group>"; };
		FB6D5D622BD0E6B800DD08FA /* center.png */ = {isa = PBXFileReference; lastKnownFileType = image.png; name = center.png; path = ../../Downloads/center.png; sourceTree = "<group>"; };
		FB6D5D6B2BD0FFE800DD08FA /* PharmacyTableViewController.swift */ = {isa = PBXFileReference; lastKnownFileType = sourcecode.swift; path = PharmacyTableViewController.swift; sourceTree = "<group>"; };
		FB6D5D6D2BD1055D00DD08FA /* PharmacyTableViewCell.swift */ = {isa = PBXFileReference; lastKnownFileType = sourcecode.swift; path = PharmacyTableViewCell.swift; sourceTree = "<group>"; };
		FB6D5D6F2BD1057E00DD08FA /* Pharmacy.swift */ = {isa = PBXFileReference; lastKnownFileType = sourcecode.swift; path = Pharmacy.swift; sourceTree = "<group>"; };
		FB6D5D722BD109AB00DD08FA /* Base */ = {isa = PBXFileReference; lastKnownFileType = file.storyboard; name = Base; path = "2024-Line-Tech-Fresh-ios-App-Assessment/Base.lproj/Epidemic.storyboard"; sourceTree = "<group>"; };
		FB6D5D742BD110DF00DD08FA /* PharmacyDetailViewController.swift */ = {isa = PBXFileReference; lastKnownFileType = sourcecode.swift; path = PharmacyDetailViewController.swift; sourceTree = "<group>"; };
		FB6D5D772BD131B000DD08FA /* Base */ = {isa = PBXFileReference; lastKnownFileType = file.storyboard; name = Base; path = "2024-Line-Tech-Fresh-ios-App-Assessment/Base.lproj/Pharmacy.storyboard"; sourceTree = "<group>"; };
		FB6D5D792BD1702D00DD08FA /* ClinicTableViewController.swift */ = {isa = PBXFileReference; lastKnownFileType = sourcecode.swift; path = ClinicTableViewController.swift; sourceTree = "<group>"; };
		FB6D5D7B2BD1705A00DD08FA /* Clinic.swift */ = {isa = PBXFileReference; lastKnownFileType = sourcecode.swift; path = Clinic.swift; sourceTree = "<group>"; };
		FB6D5D7D2BD1720200DD08FA /* ClinicTableViewCell.swift */ = {isa = PBXFileReference; lastKnownFileType = sourcecode.swift; path = ClinicTableViewCell.swift; sourceTree = "<group>"; };
		FB6D5D7F2BD1724700DD08FA /* ClinicDetailViewController.swift */ = {isa = PBXFileReference; lastKnownFileType = sourcecode.swift; path = ClinicDetailViewController.swift; sourceTree = "<group>"; };
		FB6D5D822BD1784400DD08FA /* Base */ = {isa = PBXFileReference; lastKnownFileType = file.storyboard; name = Base; path = "2024-Line-Tech-Fresh-ios-App-Assessment/Base.lproj/Clinic.storyboard"; sourceTree = "<group>"; };
		FB6D5D842BD179A300DD08FA /* District.swift */ = {isa = PBXFileReference; lastKnownFileType = sourcecode.swift; path = District.swift; sourceTree = "<group>"; };
		FB6D5D862BD17A1100DD08FA /* DistrictTableViewController.swift */ = {isa = PBXFileReference; lastKnownFileType = sourcecode.swift; path = DistrictTableViewController.swift; sourceTree = "<group>"; };
		FB6D5D882BD17A2700DD08FA /* DistrictDetailViewController.swift */ = {isa = PBXFileReference; lastKnownFileType = sourcecode.swift; path = DistrictDetailViewController.swift; sourceTree = "<group>"; };
		FB6D5D8A2BD17A3A00DD08FA /* DistrictTableViewCell.swift */ = {isa = PBXFileReference; lastKnownFileType = sourcecode.swift; path = DistrictTableViewCell.swift; sourceTree = "<group>"; };
		FB6D5D8D2BD17D7E00DD08FA /* Base */ = {isa = PBXFileReference; lastKnownFileType = file.storyboard; name = Base; path = "2024-Line-Tech-Fresh-ios-App-Assessment/Base.lproj/District.storyboard"; sourceTree = "<group>"; };
		FB6D5D8F2BD1859700DD08FA /* Region.swift */ = {isa = PBXFileReference; lastKnownFileType = sourcecode.swift; path = Region.swift; sourceTree = "<group>"; };
		FB6D5D912BD1861D00DD08FA /* RegionTableViewCell.swift */ = {isa = PBXFileReference; lastKnownFileType = sourcecode.swift; path = RegionTableViewCell.swift; sourceTree = "<group>"; };
		FB6D5D932BD1862600DD08FA /* RegionTableViewController.swift */ = {isa = PBXFileReference; lastKnownFileType = sourcecode.swift; path = RegionTableViewController.swift; sourceTree = "<group>"; };
		FB6D5D952BD1863900DD08FA /* RegionDetailViewController.swift */ = {isa = PBXFileReference; lastKnownFileType = sourcecode.swift; path = RegionDetailViewController.swift; sourceTree = "<group>"; };
		FB6D5D982BD1894700DD08FA /* Base */ = {isa = PBXFileReference; lastKnownFileType = file.storyboard; name = Base; path = "2024-Line-Tech-Fresh-ios-App-Assessment/Base.lproj/Region.storyboard"; sourceTree = "<group>"; };
		FB7EB20F2BCE624000839008 /* 2024-Line-Tech-Fresh-ios-App-Assessment.app */ = {isa = PBXFileReference; explicitFileType = wrapper.application; includeInIndex = 0; path = "2024-Line-Tech-Fresh-ios-App-Assessment.app"; sourceTree = BUILT_PRODUCTS_DIR; };
		FB7EB2122BCE624000839008 /* AppDelegate.swift */ = {isa = PBXFileReference; lastKnownFileType = sourcecode.swift; path = AppDelegate.swift; sourceTree = "<group>"; };
		FB7EB2142BCE624000839008 /* SceneDelegate.swift */ = {isa = PBXFileReference; lastKnownFileType = sourcecode.swift; path = SceneDelegate.swift; sourceTree = "<group>"; };
		FB7EB21B2BCE624100839008 /* Assets.xcassets */ = {isa = PBXFileReference; lastKnownFileType = folder.assetcatalog; path = Assets.xcassets; sourceTree = "<group>"; };
		FB7EB21E2BCE624100839008 /* Base */ = {isa = PBXFileReference; lastKnownFileType = file.storyboard; name = Base; path = Base.lproj/LaunchScreen.storyboard; sourceTree = "<group>"; };
		FB7EB2202BCE624100839008 /* Info.plist */ = {isa = PBXFileReference; lastKnownFileType = text.plist.xml; path = Info.plist; sourceTree = "<group>"; };
		FB7EB2262BCE633A00839008 /* Epidemic.swift */ = {isa = PBXFileReference; lastKnownFileType = sourcecode.swift; path = Epidemic.swift; sourceTree = "<group>"; };
		FB7EB2282BCE634C00839008 /* EpidemicTableViewController.swift */ = {isa = PBXFileReference; lastKnownFileType = sourcecode.swift; path = EpidemicTableViewController.swift; sourceTree = "<group>"; };
		FB7EB22A2BCE637500839008 /* EpidemicTableViewCell.swift */ = {isa = PBXFileReference; lastKnownFileType = sourcecode.swift; path = EpidemicTableViewCell.swift; sourceTree = "<group>"; };
		FB7EB22C2BCE63A200839008 /* EpidemicDetailViewController.swift */ = {isa = PBXFileReference; lastKnownFileType = sourcecode.swift; path = EpidemicDetailViewController.swift; sourceTree = "<group>"; };
		FB7EB2332BCE944700839008 /* Base */ = {isa = PBXFileReference; lastKnownFileType = file.storyboard; name = Base; path = Base.lproj/Main.storyboard; sourceTree = "<group>"; };
		FB7EB23D2BD0DA1D00839008 /* MasterTableViewController.swift */ = {isa = PBXFileReference; lastKnownFileType = sourcecode.swift; path = MasterTableViewController.swift; sourceTree = "<group>"; };
/* End PBXFileReference section */

/* Begin PBXFrameworksBuildPhase section */
		FB7EB20C2BCE624000839008 /* Frameworks */ = {
			isa = PBXFrameworksBuildPhase;
			buildActionMask = 2147483647;
			files = (
			);
			runOnlyForDeploymentPostprocessing = 0;
		};
/* End PBXFrameworksBuildPhase section */

/* Begin PBXGroup section */
		FB7EB2062BCE624000839008 = {
			isa = PBXGroup;
			children = (
				FB6D5D972BD1894700DD08FA /* Region.storyboard */,
				FB6D5D8C2BD17D7E00DD08FA /* District.storyboard */,
				FB6D5D812BD1784400DD08FA /* Clinic.storyboard */,
				FB7EB2112BCE624000839008 /* 2024-Line-Tech-Fresh-ios-App-Assessment */,
				FB7EB2102BCE624000839008 /* Products */,
			);
			sourceTree = "<group>";
		};
		FB7EB2102BCE624000839008 /* Products */ = {
			isa = PBXGroup;
			children = (
				FB7EB20F2BCE624000839008 /* 2024-Line-Tech-Fresh-ios-App-Assessment.app */,
			);
			name = Products;
			sourceTree = "<group>";
		};
		FB7EB2112BCE624000839008 /* 2024-Line-Tech-Fresh-ios-App-Assessment */ = {
			isa = PBXGroup;
			children = (
				FB7EB2122BCE624000839008 /* AppDelegate.swift */,
				FB7EB2142BCE624000839008 /* SceneDelegate.swift */,
				FB7EB2262BCE633A00839008 /* Epidemic.swift */,
				FB7EB22C2BCE63A200839008 /* EpidemicDetailViewController.swift */,
				FB7EB22A2BCE637500839008 /* EpidemicTableViewCell.swift */,
				FB7EB2282BCE634C00839008 /* EpidemicTableViewController.swift */,
				FB6D5D6F2BD1057E00DD08FA /* Pharmacy.swift */,
				FB6D5D6D2BD1055D00DD08FA /* PharmacyTableViewCell.swift */,
				FB6D5D6B2BD0FFE800DD08FA /* PharmacyTableViewController.swift */,
				FB6D5D742BD110DF00DD08FA /* PharmacyDetailViewController.swift */,
				FB6D5D7B2BD1705A00DD08FA /* Clinic.swift */,
				FB6D5D7D2BD1720200DD08FA /* ClinicTableViewCell.swift */,
				FB6D5D7F2BD1724700DD08FA /* ClinicDetailViewController.swift */,
				FB6D5D792BD1702D00DD08FA /* ClinicTableViewController.swift */,
				FB7EB21B2BCE624100839008 /* Assets.xcassets */,
				FB7EB2322BCE944700839008 /* Main.storyboard */,
				FB6D5D842BD179A300DD08FA /* District.swift */,
				FB6D5D862BD17A1100DD08FA /* DistrictTableViewController.swift */,
				FB6D5D882BD17A2700DD08FA /* DistrictDetailViewController.swift */,
				FB6D5D8A2BD17A3A00DD08FA /* DistrictTableViewCell.swift */,
				FB6D5D8F2BD1859700DD08FA /* Region.swift */,
				FB6D5D912BD1861D00DD08FA /* RegionTableViewCell.swift */,
				FB6D5D932BD1862600DD08FA /* RegionTableViewController.swift */,
				FB6D5D952BD1863900DD08FA /* RegionDetailViewController.swift */,
				FB6D5D712BD109AB00DD08FA /* Epidemic.storyboard */,
				FB6D5D762BD131B000DD08FA /* Pharmacy.storyboard */,
				FB6D5D562BD0E55C00DD08FA /* region.png */,
				FB6D5D542BD0E55C00DD08FA /* district.png */,
				FB6D5D5C2BD0E60800DD08FA /* clinic.png */,
				FB6D5D5D2BD0E60800DD08FA /* epidemic.png */,
				FB6D5D5E2BD0E60800DD08FA /* pharmacy.png */,
				FB6D5D622BD0E6B800DD08FA /* center.png */,
				FB7EB23D2BD0DA1D00839008 /* MasterTableViewController.swift */,
				FB7EB21D2BCE624100839008 /* LaunchScreen.storyboard */,
				FB7EB2202BCE624100839008 /* Info.plist */,
			);
			path = "2024-Line-Tech-Fresh-ios-App-Assessment";
			sourceTree = "<group>";
		};
/* End PBXGroup section */

/* Begin PBXNativeTarget section */
		FB7EB20E2BCE624000839008 /* 2024-Line-Tech-Fresh-ios-App-Assessment */ = {
			isa = PBXNativeTarget;
			buildConfigurationList = FB7EB2232BCE624100839008 /* Build configuration list for PBXNativeTarget "2024-Line-Tech-Fresh-ios-App-Assessment" */;
			buildPhases = (
				FB7EB20B2BCE624000839008 /* Sources */,
				FB7EB20C2BCE624000839008 /* Frameworks */,
				FB7EB20D2BCE624000839008 /* Resources */,
			);
			buildRules = (
			);
			dependencies = (
			);
			name = "2024-Line-Tech-Fresh-ios-App-Assessment";
			productName = "2024-Line-Tech-Fresh-ios-App-Assessment";
			productReference = FB7EB20F2BCE624000839008 /* 2024-Line-Tech-Fresh-ios-App-Assessment.app */;
			productType = "com.apple.product-type.application";
		};
/* End PBXNativeTarget section */

/* Begin PBXProject section */
		FB7EB2072BCE624000839008 /* Project object */ = {
			isa = PBXProject;
			attributes = {
				BuildIndependentTargetsInParallel = 1;
				LastSwiftUpdateCheck = 1530;
				LastUpgradeCheck = 1530;
				TargetAttributes = {
					FB7EB20E2BCE624000839008 = {
						CreatedOnToolsVersion = 15.3;
					};
				};
			};
			buildConfigurationList = FB7EB20A2BCE624000839008 /* Build configuration list for PBXProject "2024-Line-Tech-Fresh-ios-App-Assessment" */;
			compatibilityVersion = "Xcode 14.0";
			developmentRegion = en;
			hasScannedForEncodings = 0;
			knownRegions = (
				en,
				Base,
			);
			mainGroup = FB7EB2062BCE624000839008;
			productRefGroup = FB7EB2102BCE624000839008 /* Products */;
			projectDirPath = "";
			projectRoot = "";
			targets = (
				FB7EB20E2BCE624000839008 /* 2024-Line-Tech-Fresh-ios-App-Assessment */,
			);
		};
/* End PBXProject section */

/* Begin PBXResourcesBuildPhase section */
		FB7EB20D2BCE624000839008 /* Resources */ = {
			isa = PBXResourcesBuildPhase;
			buildActionMask = 2147483647;
			files = (
				FB7EB21C2BCE624100839008 /* Assets.xcassets in Resources */,
				FB7EB21F2BCE624100839008 /* Base in Resources */,
				FB6D5D8E2BD17D7E00DD08FA /* District.storyboard in Resources */,
				FB6D5D582BD0E55C00DD08FA /* district.png in Resources */,
				FB7EB2342BCE944700839008 /* Main.storyboard in Resources */,
				FB6D5D5F2BD0E60800DD08FA /* clinic.png in Resources */,
				FB6D5D992BD1894700DD08FA /* Region.storyboard in Resources */,
				FB6D5D5A2BD0E55C00DD08FA /* region.png in Resources */,
				FB6D5D832BD1784400DD08FA /* Clinic.storyboard in Resources */,
				FB6D5D782BD131B000DD08FA /* Pharmacy.storyboard in Resources */,
				FB6D5D732BD109AB00DD08FA /* Epidemic.storyboard in Resources */,
				FB6D5D612BD0E60800DD08FA /* pharmacy.png in Resources */,
				FB6D5D632BD0E6B800DD08FA /* center.png in Resources */,
				FB6D5D602BD0E60800DD08FA /* epidemic.png in Resources */,
			);
			runOnlyForDeploymentPostprocessing = 0;
		};
/* End PBXResourcesBuildPhase section */

/* Begin PBXSourcesBuildPhase section */
		FB7EB20B2BCE624000839008 /* Sources */ = {
			isa = PBXSourcesBuildPhase;
			buildActionMask = 2147483647;
			files = (
				FB6D5D922BD1861D00DD08FA /* RegionTableViewCell.swift in Sources */,
				FB6D5D6C2BD0FFE800DD08FA /* PharmacyTableViewController.swift in Sources */,
				FB6D5D892BD17A2700DD08FA /* DistrictDetailViewController.swift in Sources */,
				FB6D5D7C2BD1705A00DD08FA /* Clinic.swift in Sources */,
				FB7EB2272BCE633A00839008 /* Epidemic.swift in Sources */,
				FB6D5D942BD1862600DD08FA /* RegionTableViewController.swift in Sources */,
				FB6D5D802BD1724700DD08FA /* ClinicDetailViewController.swift in Sources */,
				FB7EB2132BCE624000839008 /* AppDelegate.swift in Sources */,
				FB6D5D872BD17A1100DD08FA /* DistrictTableViewController.swift in Sources */,
				FB7EB22B2BCE637500839008 /* EpidemicTableViewCell.swift in Sources */,
				FB6D5D752BD110DF00DD08FA /* PharmacyDetailViewController.swift in Sources */,
				FB7EB2292BCE634C00839008 /* EpidemicTableViewController.swift in Sources */,
				FB6D5D8B2BD17A3A00DD08FA /* DistrictTableViewCell.swift in Sources */,
				FB7EB23E2BD0DA1D00839008 /* MasterTableViewController.swift in Sources */,
				FB6D5D702BD1057E00DD08FA /* Pharmacy.swift in Sources */,
				FB6D5D6E2BD1055D00DD08FA /* PharmacyTableViewCell.swift in Sources */,
				FB6D5D902BD1859700DD08FA /* Region.swift in Sources */,
				FB7EB2152BCE624000839008 /* SceneDelegate.swift in Sources */,
				FB7EB22D2BCE63A200839008 /* EpidemicDetailViewController.swift in Sources */,
				FB6D5D962BD1863900DD08FA /* RegionDetailViewController.swift in Sources */,
				FB6D5D7A2BD1702D00DD08FA /* ClinicTableViewController.swift in Sources */,
				FB6D5D7E2BD1720200DD08FA /* ClinicTableViewCell.swift in Sources */,
				FB6D5D852BD179A300DD08FA /* District.swift in Sources */,
			);
			runOnlyForDeploymentPostprocessing = 0;
		};
/* End PBXSourcesBuildPhase section */

/* Begin PBXVariantGroup section */
		FB6D5D712BD109AB00DD08FA /* Epidemic.storyboard */ = {
			isa = PBXVariantGroup;
			children = (
				FB6D5D722BD109AB00DD08FA /* Base */,
			);
			name = Epidemic.storyboard;
			sourceTree = "<group>";
		};
		FB6D5D762BD131B000DD08FA /* Pharmacy.storyboard */ = {
			isa = PBXVariantGroup;
			children = (
				FB6D5D772BD131B000DD08FA /* Base */,
			);
			name = Pharmacy.storyboard;
			sourceTree = "<group>";
		};
		FB6D5D812BD1784400DD08FA /* Clinic.storyboard */ = {
			isa = PBXVariantGroup;
			children = (
				FB6D5D822BD1784400DD08FA /* Base */,
			);
			name = Clinic.storyboard;
			sourceTree = "<group>";
		};
		FB6D5D8C2BD17D7E00DD08FA /* District.storyboard */ = {
			isa = PBXVariantGroup;
			children = (
				FB6D5D8D2BD17D7E00DD08FA /* Base */,
			);
			name = District.storyboard;
			sourceTree = "<group>";
		};
		FB6D5D972BD1894700DD08FA /* Region.storyboard */ = {
			isa = PBXVariantGroup;
			children = (
				FB6D5D982BD1894700DD08FA /* Base */,
			);
			name = Region.storyboard;
			sourceTree = "<group>";
		};
		FB7EB21D2BCE624100839008 /* LaunchScreen.storyboard */ = {
			isa = PBXVariantGroup;
			children = (
				FB7EB21E2BCE624100839008 /* Base */,
			);
			name = LaunchScreen.storyboard;
			sourceTree = "<group>";
		};
		FB7EB2322BCE944700839008 /* Main.storyboard */ = {
			isa = PBXVariantGroup;
			children = (
				FB7EB2332BCE944700839008 /* Base */,
			);
			name = Main.storyboard;
			sourceTree = "<group>";
		};
/* End PBXVariantGroup section */

/* Begin XCBuildConfiguration section */
		FB7EB2212BCE624100839008 /* Debug */ = {
			isa = XCBuildConfiguration;
			buildSettings = {
				ALWAYS_SEARCH_USER_PATHS = NO;
				ASSETCATALOG_COMPILER_GENERATE_SWIFT_ASSET_SYMBOL_EXTENSIONS = YES;
				CLANG_ANALYZER_NONNULL = YES;
				CLANG_ANALYZER_NUMBER_OBJECT_CONVERSION = YES_AGGRESSIVE;
				CLANG_CXX_LANGUAGE_STANDARD = "gnu++20";
				CLANG_ENABLE_MODULES = YES;
				CLANG_ENABLE_OBJC_ARC = YES;
				CLANG_ENABLE_OBJC_WEAK = YES;
				CLANG_WARN_BLOCK_CAPTURE_AUTORELEASING = YES;
				CLANG_WARN_BOOL_CONVERSION = YES;
				CLANG_WARN_COMMA = YES;
				CLANG_WARN_CONSTANT_CONVERSION = YES;
				CLANG_WARN_DEPRECATED_OBJC_IMPLEMENTATIONS = YES;
				CLANG_WARN_DIRECT_OBJC_ISA_USAGE = YES_ERROR;
				CLANG_WARN_DOCUMENTATION_COMMENTS = YES;
				CLANG_WARN_EMPTY_BODY = YES;
				CLANG_WARN_ENUM_CONVERSION = YES;
				CLANG_WARN_INFINITE_RECURSION = YES;
				CLANG_WARN_INT_CONVERSION = YES;
				CLANG_WARN_NON_LITERAL_NULL_CONVERSION = YES;
				CLANG_WARN_OBJC_IMPLICIT_RETAIN_SELF = YES;
				CLANG_WARN_OBJC_LITERAL_CONVERSION = YES;
				CLANG_WARN_OBJC_ROOT_CLASS = YES_ERROR;
				CLANG_WARN_QUOTED_INCLUDE_IN_FRAMEWORK_HEADER = YES;
				CLANG_WARN_RANGE_LOOP_ANALYSIS = YES;
				CLANG_WARN_STRICT_PROTOTYPES = YES;
				CLANG_WARN_SUSPICIOUS_MOVE = YES;
				CLANG_WARN_UNGUARDED_AVAILABILITY = YES_AGGRESSIVE;
				CLANG_WARN_UNREACHABLE_CODE = YES;
				CLANG_WARN__DUPLICATE_METHOD_MATCH = YES;
				COPY_PHASE_STRIP = NO;
				DEBUG_INFORMATION_FORMAT = dwarf;
				ENABLE_STRICT_OBJC_MSGSEND = YES;
				ENABLE_TESTABILITY = YES;
				ENABLE_USER_SCRIPT_SANDBOXING = YES;
				GCC_C_LANGUAGE_STANDARD = gnu17;
				GCC_DYNAMIC_NO_PIC = NO;
				GCC_NO_COMMON_BLOCKS = YES;
				GCC_OPTIMIZATION_LEVEL = 0;
				GCC_PREPROCESSOR_DEFINITIONS = (
					"DEBUG=1",
					"$(inherited)",
				);
				GCC_WARN_64_TO_32_BIT_CONVERSION = YES;
				GCC_WARN_ABOUT_RETURN_TYPE = YES_ERROR;
				GCC_WARN_UNDECLARED_SELECTOR = YES;
				GCC_WARN_UNINITIALIZED_AUTOS = YES_AGGRESSIVE;
				GCC_WARN_UNUSED_FUNCTION = YES;
				GCC_WARN_UNUSED_VARIABLE = YES;
				IPHONEOS_DEPLOYMENT_TARGET = 17.4;
				LOCALIZATION_PREFERS_STRING_CATALOGS = YES;
				MTL_ENABLE_DEBUG_INFO = INCLUDE_SOURCE;
				MTL_FAST_MATH = YES;
				ONLY_ACTIVE_ARCH = YES;
				SDKROOT = iphoneos;
				SWIFT_ACTIVE_COMPILATION_CONDITIONS = "DEBUG $(inherited)";
				SWIFT_OPTIMIZATION_LEVEL = "-Onone";
			};
			name = Debug;
		};
		FB7EB2222BCE624100839008 /* Release */ = {
			isa = XCBuildConfiguration;
			buildSettings = {
				ALWAYS_SEARCH_USER_PATHS = NO;
				ASSETCATALOG_COMPILER_GENERATE_SWIFT_ASSET_SYMBOL_EXTENSIONS = YES;
				CLANG_ANALYZER_NONNULL = YES;
				CLANG_ANALYZER_NUMBER_OBJECT_CONVERSION = YES_AGGRESSIVE;
				CLANG_CXX_LANGUAGE_STANDARD = "gnu++20";
				CLANG_ENABLE_MODULES = YES;
				CLANG_ENABLE_OBJC_ARC = YES;
				CLANG_ENABLE_OBJC_WEAK = YES;
				CLANG_WARN_BLOCK_CAPTURE_AUTORELEASING = YES;
				CLANG_WARN_BOOL_CONVERSION = YES;
				CLANG_WARN_COMMA = YES;
				CLANG_WARN_CONSTANT_CONVERSION = YES;
				CLANG_WARN_DEPRECATED_OBJC_IMPLEMENTATIONS = YES;
				CLANG_WARN_DIRECT_OBJC_ISA_USAGE = YES_ERROR;
				CLANG_WARN_DOCUMENTATION_COMMENTS = YES;
				CLANG_WARN_EMPTY_BODY = YES;
				CLANG_WARN_ENUM_CONVERSION = YES;
				CLANG_WARN_INFINITE_RECURSION = YES;
				CLANG_WARN_INT_CONVERSION = YES;
				CLANG_WARN_NON_LITERAL_NULL_CONVERSION = YES;
				CLANG_WARN_OBJC_IMPLICIT_RETAIN_SELF = YES;
				CLANG_WARN_OBJC_LITERAL_CONVERSION = YES;
				CLANG_WARN_OBJC_ROOT_CLASS = YES_ERROR;
				CLANG_WARN_QUOTED_INCLUDE_IN_FRAMEWORK_HEADER = YES;
				CLANG_WARN_RANGE_LOOP_ANALYSIS = YES;
				CLANG_WARN_STRICT_PROTOTYPES = YES;
				CLANG_WARN_SUSPICIOUS_MOVE = YES;
				CLANG_WARN_UNGUARDED_AVAILABILITY = YES_AGGRESSIVE;
				CLANG_WARN_UNREACHABLE_CODE = YES;
				CLANG_WARN__DUPLICATE_METHOD_MATCH = YES;
				COPY_PHASE_STRIP = NO;
				DEBUG_INFORMATION_FORMAT = "dwarf-with-dsym";
				ENABLE_NS_ASSERTIONS = NO;
				ENABLE_STRICT_OBJC_MSGSEND = YES;
				ENABLE_USER_SCRIPT_SANDBOXING = YES;
				GCC_C_LANGUAGE_STANDARD = gnu17;
				GCC_NO_COMMON_BLOCKS = YES;
				GCC_WARN_64_TO_32_BIT_CONVERSION = YES;
				GCC_WARN_ABOUT_RETURN_TYPE = YES_ERROR;
				GCC_WARN_UNDECLARED_SELECTOR = YES;
				GCC_WARN_UNINITIALIZED_AUTOS = YES_AGGRESSIVE;
				GCC_WARN_UNUSED_FUNCTION = YES;
				GCC_WARN_UNUSED_VARIABLE = YES;
				IPHONEOS_DEPLOYMENT_TARGET = 17.4;
				LOCALIZATION_PREFERS_STRING_CATALOGS = YES;
				MTL_ENABLE_DEBUG_INFO = NO;
				MTL_FAST_MATH = YES;
				SDKROOT = iphoneos;
				SWIFT_COMPILATION_MODE = wholemodule;
				VALIDATE_PRODUCT = YES;
			};
			name = Release;
		};
		FB7EB2242BCE624100839008 /* Debug */ = {
			isa = XCBuildConfiguration;
			buildSettings = {
				ASSETCATALOG_COMPILER_APPICON_NAME = AppIcon;
				ASSETCATALOG_COMPILER_GLOBAL_ACCENT_COLOR_NAME = AccentColor;
				CODE_SIGN_STYLE = Automatic;
				CURRENT_PROJECT_VERSION = 1;
				DEVELOPMENT_TEAM = 33XGPC336D;
				GENERATE_INFOPLIST_FILE = YES;
				INFOPLIST_FILE = "2024-Line-Tech-Fresh-ios-App-Assessment/Info.plist";
				INFOPLIST_KEY_UIApplicationSupportsIndirectInputEvents = YES;
				INFOPLIST_KEY_UILaunchStoryboardName = LaunchScreen;
				INFOPLIST_KEY_UIMainStoryboardFile = Main;
				INFOPLIST_KEY_UISupportedInterfaceOrientations_iPad = "UIInterfaceOrientationPortrait UIInterfaceOrientationPortraitUpsideDown UIInterfaceOrientationLandscapeLeft UIInterfaceOrientationLandscapeRight";
				INFOPLIST_KEY_UISupportedInterfaceOrientations_iPhone = "UIInterfaceOrientationPortrait UIInterfaceOrientationLandscapeLeft UIInterfaceOrientationLandscapeRight";
				LD_RUNPATH_SEARCH_PATHS = (
					"$(inherited)",
					"@executable_path/Frameworks",
				);
				MARKETING_VERSION = 1.0;
				PRODUCT_BUNDLE_IDENTIFIER = "lon.-024-Line-Tech-Fresh-ios-App-Assessment";
				PRODUCT_NAME = "$(TARGET_NAME)";
				SWIFT_EMIT_LOC_STRINGS = YES;
				SWIFT_VERSION = 5.0;
				TARGETED_DEVICE_FAMILY = "1,2";
			};
			name = Debug;
		};
		FB7EB2252BCE624100839008 /* Release */ = {
			isa = XCBuildConfiguration;
			buildSettings = {
				ASSETCATALOG_COMPILER_APPICON_NAME = AppIcon;
				ASSETCATALOG_COMPILER_GLOBAL_ACCENT_COLOR_NAME = AccentColor;
				CODE_SIGN_STYLE = Automatic;
				CURRENT_PROJECT_VERSION = 1;
				DEVELOPMENT_TEAM = 33XGPC336D;
				GENERATE_INFOPLIST_FILE = YES;
				INFOPLIST_FILE = "2024-Line-Tech-Fresh-ios-App-Assessment/Info.plist";
				INFOPLIST_KEY_UIApplicationSupportsIndirectInputEvents = YES;
				INFOPLIST_KEY_UILaunchStoryboardName = LaunchScreen;
				INFOPLIST_KEY_UIMainStoryboardFile = Main;
				INFOPLIST_KEY_UISupportedInterfaceOrientations_iPad = "UIInterfaceOrientationPortrait UIInterfaceOrientationPortraitUpsideDown UIInterfaceOrientationLandscapeLeft UIInterfaceOrientationLandscapeRight";
				INFOPLIST_KEY_UISupportedInterfaceOrientations_iPhone = "UIInterfaceOrientationPortrait UIInterfaceOrientationLandscapeLeft UIInterfaceOrientationLandscapeRight";
				LD_RUNPATH_SEARCH_PATHS = (
					"$(inherited)",
					"@executable_path/Frameworks",
				);
				MARKETING_VERSION = 1.0;
				PRODUCT_BUNDLE_IDENTIFIER = "lon.-024-Line-Tech-Fresh-ios-App-Assessment";
				PRODUCT_NAME = "$(TARGET_NAME)";
				SWIFT_EMIT_LOC_STRINGS = YES;
				SWIFT_VERSION = 5.0;
				TARGETED_DEVICE_FAMILY = "1,2";
			};
			name = Release;
		};
/* End XCBuildConfiguration section */

/* Begin XCConfigurationList section */
		FB7EB20A2BCE624000839008 /* Build configuration list for PBXProject "2024-Line-Tech-Fresh-ios-App-Assessment" */ = {
			isa = XCConfigurationList;
			buildConfigurations = (
				FB7EB2212BCE624100839008 /* Debug */,
				FB7EB2222BCE624100839008 /* Release */,
			);
			defaultConfigurationIsVisible = 0;
			defaultConfigurationName = Release;
		};
		FB7EB2232BCE624100839008 /* Build configuration list for PBXNativeTarget "2024-Line-Tech-Fresh-ios-App-Assessment" */ = {
			isa = XCConfigurationList;
			buildConfigurations = (
				FB7EB2242BCE624100839008 /* Debug */,
				FB7EB2252BCE624100839008 /* Release */,
			);
			defaultConfigurationIsVisible = 0;
			defaultConfigurationName = Release;
		};
/* End XCConfigurationList section */
	};
	rootObject = FB7EB2072BCE624000839008 /* Project object */;
}
